
Microsoft Visual Studio Solution File, Format Version 12.00
# Visual Studio Version 17
VisualStudioVersion = 17.10.35122.118
MinimumVisualStudioVersion = 10.0.40219.1
Project("{FAE04EC0-301F-11D3-BF4B-00C04F79EFBC}") = "HelloWorldApi", "HelloWorldApi\HelloWorldApi.csproj", "{775E7C0F-1E1F-42C7-9C47-8766DFA98850}"
EndProject
Project("{FAE04EC0-301F-11D3-BF4B-00C04F79EFBC}") = "HelloApi", "HelloApi\HelloApi.csproj", "{9FD475E5-1EF7-47DB-B3BD-40BDF9880A2C}"
EndProject
Global
	GlobalSection(SolutionConfigurationPlatforms) = preSolution
		Debug|Any CPU = Debug|Any CPU
		Release|Any CPU = Release|Any CPU
	EndGlobalSection
	GlobalSection(ProjectConfigurationPlatforms) = postSolution
		{775E7C0F-1E1F-42C7-9C47-8766DFA98850}.Debug|Any CPU.ActiveCfg = Debug|Any CPU
		{775E7C0F-1E1F-42C7-9C47-8766DFA98850}.Debug|Any CPU.Build.0 = Debug|Any CPU
		{775E7C0F-1E1F-42C7-9C47-8766DFA98850}.Release|Any CPU.ActiveCfg = Release|Any CPU
		{775E7C0F-1E1F-42C7-9C47-8766DFA98850}.Release|Any CPU.Build.0 = Release|Any CPU
		{9FD475E5-1EF7-47DB-B3BD-40BDF9880A2C}.Debug|Any CPU.ActiveCfg = Debug|Any CPU
		{9FD475E5-1EF7-47DB-B3BD-40BDF9880A2C}.Debug|Any CPU.Build.0 = Debug|Any CPU
		{9FD475E5-1EF7-47DB-B3BD-40BDF9880A2C}.Release|Any CPU.ActiveCfg = Release|Any CPU
		{9FD475E5-1EF7-47DB-B3BD-40BDF9880A2C}.Release|Any CPU.Build.0 = Release|Any CPU
	EndGlobalSection
	GlobalSection(SolutionProperties) = preSolution
		HideSolutionNode = FALSE
	EndGlobalSection
	GlobalSection(ExtensibilityGlobals) = postSolution
		SolutionGuid = {97AB720E-DCCA-4568-8216-7219D575424B}
	EndGlobalSection
EndGlobal
