
Microsoft Visual Studio Solution File, Format Version 12.00
# Visual Studio Version 17
VisualStudioVersion = 17.10.35122.118
MinimumVisualStudioVersion = 10.0.40219.1
Project("{9A19103F-16F7-4668-BE54-9A1E7A4F7556}") = "HelloApi", "HelloApi\HelloApi.csproj", "{9FD475E5-1EF7-47DB-B3BD-40BDF9880A2C}"
EndProject
Project("{FAE04EC0-301F-11D3-BF4B-00C04F79EFBC}") = "ProductApp", "ProductApp\ProductApp.csproj", "{D8B7D60D-C3DC-48A3-AAED-F3FD33D2D341}"
EndProject
Project("{FAE04EC0-301F-11D3-BF4B-00C04F79EFBC}") = "BookDemo", "BookDemo\BookDemo.csproj", "{42E2E5FA-0B13-47DF-B0A9-6F830006B4CB}"
EndProject
Global
	GlobalSection(SolutionConfigurationPlatforms) = preSolution
		Debug|Any CPU = Debug|Any CPU
		Release|Any CPU = Release|Any CPU
	EndGlobalSection
	GlobalSection(ProjectConfigurationPlatforms) = postSolution
		{9FD475E5-1EF7-47DB-B3BD-40BDF9880A2C}.Debug|Any CPU.ActiveCfg = Debug|Any CPU
		{9FD475E5-1EF7-47DB-B3BD-40BDF9880A2C}.Debug|Any CPU.Build.0 = Debug|Any CPU
		{9FD475E5-1EF7-47DB-B3BD-40BDF9880A2C}.Release|Any CPU.ActiveCfg = Release|Any CPU
		{9FD475E5-1EF7-47DB-B3BD-40BDF9880A2C}.Release|Any CPU.Build.0 = Release|Any CPU
		{D8B7D60D-C3DC-48A3-AAED-F3FD33D2D341}.Debug|Any CPU.ActiveCfg = Debug|Any CPU
		{D8B7D60D-C3DC-48A3-AAED-F3FD33D2D341}.Debug|Any CPU.Build.0 = Debug|Any CPU
		{D8B7D60D-C3DC-48A3-AAED-F3FD33D2D341}.Release|Any CPU.ActiveCfg = Release|Any CPU
		{D8B7D60D-C3DC-48A3-AAED-F3FD33D2D341}.Release|Any CPU.Build.0 = Release|Any CPU
		{42E2E5FA-0B13-47DF-B0A9-6F830006B4CB}.Debug|Any CPU.ActiveCfg = Debug|Any CPU
		{42E2E5FA-0B13-47DF-B0A9-6F830006B4CB}.Debug|Any CPU.Build.0 = Debug|Any CPU
		{42E2E5FA-0B13-47DF-B0A9-6F830006B4CB}.Release|Any CPU.ActiveCfg = Release|Any CPU
		{42E2E5FA-0B13-47DF-B0A9-6F830006B4CB}.Release|Any CPU.Build.0 = Release|Any CPU
	EndGlobalSection
	GlobalSection(SolutionProperties) = preSolution
		HideSolutionNode = FALSE
	EndGlobalSection
	GlobalSection(ExtensibilityGlobals) = postSolution
		SolutionGuid = {97AB720E-DCCA-4568-8216-7219D575424B}
	EndGlobalSection
EndGlobal
